PODS:
  - PINCache (3.0.2):
    - PINCache/Arc-exception-safe (= 3.0.2)
    - PINCache/Core (= 3.0.2)
  - PINCache/Arc-exception-safe (3.0.2):
    - PINCache/Core
  - PINCache/Core (3.0.2):
    - PINOperation (~> 1.2.0)
  - PINOperation (1.2)
  - SnapSDK/SCSDKBitmojiKit (1.6.5):
    - PINCache (< 3.1, >= 2.3)
    - PINOperation (~> 1.1)
  - SnapSDK/SCSDKCreativeKit (1.6.5)
  - SnapSDK/SCSDKLoginKit (1.6.5)

DEPENDENCIES:
  - SnapSDK/SCSDKBitmojiKit (= 1.6.5)
  - SnapSDK/SCSDKCreativeKit (= 1.6.5)
  - SnapSDK/SCSDKLoginKit (= 1.6.5)

SPEC REPOS:
  https://github.com/cocoapods/specs.git:
    - PINCache
    - PINOperation
    - SnapSDK

SPEC CHECKSUMS:
  PINCache: bea7c404c360f6fe0f6ee783c5cd14e778fa2aab
  PINOperation: 3a967a927e7867e61976c6cc23e5770416449fbc
  SnapSDK: dc31cf5c85d43f91226dc052f0414efae4182898

PODFILE CHECKSUM: f78e27fcf1a2e0b853dbd0275a55f9951810023d

COCOAPODS: 1.7.0
